
Microsoft Visual Studio Solution File, Format Version 12.00
# Visual Studio 15
Project("{FAE04EC0-301F-11D3-BF4B-00C04F79EFBC}") = "MyGraduation", "Assembly-CSharp.csproj", "{90AECC37-149D-802B-C241-B271158C5475}"
EndProject
Project("{FAE04EC0-301F-11D3-BF4B-00C04F79EFBC}") = "MyGraduation", "Assembly-CSharp-Editor.csproj", "{CE8A0FBF-23C6-2E89-F682-69BF5DC23ABD}"
EndProject
Global
	GlobalSection(SolutionConfigurationPlatforms) = preSolution
		Debug|Any CPU = Debug|Any CPU
		Release|Any CPU = Release|Any CPU
	EndGlobalSection
	GlobalSection(ProjectConfigurationPlatforms) = postSolution
		{90AECC37-149D-802B-C241-B271158C5475}.Debug|Any CPU.ActiveCfg = Debug|Any CPU
		{90AECC37-149D-802B-C241-B271158C5475}.Debug|Any CPU.Build.0 = Debug|Any CPU
		{90AECC37-149D-802B-C241-B271158C5475}.Release|Any CPU.ActiveCfg = Release|Any CPU
		{90AECC37-149D-802B-C241-B271158C5475}.Release|Any CPU.Build.0 = Release|Any CPU
		{CE8A0FBF-23C6-2E89-F682-69BF5DC23ABD}.Debug|Any CPU.ActiveCfg = Debug|Any CPU
		{CE8A0FBF-23C6-2E89-F682-69BF5DC23ABD}.Debug|Any CPU.Build.0 = Debug|Any CPU
		{CE8A0FBF-23C6-2E89-F682-69BF5DC23ABD}.Release|Any CPU.ActiveCfg = Release|Any CPU
		{CE8A0FBF-23C6-2E89-F682-69BF5DC23ABD}.Release|Any CPU.Build.0 = Release|Any CPU
	EndGlobalSection
	GlobalSection(SolutionProperties) = preSolution
		HideSolutionNode = FALSE
	EndGlobalSection
EndGlobal
